
Microsoft Visual Studio Solution File, Format Version 12.00
# Visual Studio Version 16
VisualStudioVersion = 16.0.30503.244
MinimumVisualStudioVersion = 10.0.40219.1
Project("{FAE04EC0-301F-11D3-BF4B-00C04F79EFBC}") = "SampleApp", "SampleApp\SampleApp.csproj", "{32B5F67D-672B-4ABE-8397-28FFB5272BF1}"
EndProject
Project("{2150E333-8FDC-42A3-9474-1A3956D46DE8}") = "DevExtreme NuGet.config", "DevExtreme NuGet.config", "{96814E1C-F556-4E93-86D8-C4AC97589A7F}"
	ProjectSection(SolutionItems) = preProject
		NuGet.config = NuGet.config
	EndProjectSection
EndProject
Global
	GlobalSection(SolutionConfigurationPlatforms) = preSolution
		Debug|Any CPU = Debug|Any CPU
		Release|Any CPU = Release|Any CPU
	EndGlobalSection
	GlobalSection(ProjectConfigurationPlatforms) = postSolution
		{32B5F67D-672B-4ABE-8397-28FFB5272BF1}.Debug|Any CPU.ActiveCfg = Debug|Any CPU
		{32B5F67D-672B-4ABE-8397-28FFB5272BF1}.Debug|Any CPU.Build.0 = Debug|Any CPU
		{32B5F67D-672B-4ABE-8397-28FFB5272BF1}.Release|Any CPU.ActiveCfg = Release|Any CPU
		{32B5F67D-672B-4ABE-8397-28FFB5272BF1}.Release|Any CPU.Build.0 = Release|Any CPU
	EndGlobalSection
	GlobalSection(SolutionProperties) = preSolution
		HideSolutionNode = FALSE
	EndGlobalSection
	GlobalSection(ExtensibilityGlobals) = postSolution
		SolutionGuid = {ED97AB17-B0EC-4AA3-9248-9A5DACA9373D}
	EndGlobalSection
EndGlobal
